
Microsoft Visual Studio Solution File, Format Version 12.00
# Visual Studio Version 17
VisualStudioVersion = 17.5.002.0
MinimumVisualStudioVersion = 10.0.40219.1
Project("{2150E333-8FDC-42A3-9474-1A3956D46DE8}") = "Start", "Start", "{FC07176F-B5F9-4AD4-8E25-5B832FB8880A}"
EndProject
Project("{2150E333-8FDC-42A3-9474-1A3956D46DE8}") = "Files", "Files", "{577D853F-5E92-4674-BE52-E76E1F0EFA2F}"
EndProject
Project("{9A19103F-16F7-4668-BE54-9A1E7A4F7556}") = "CreateFiles", "Start\Files\CreateFiles\CreateFiles.csproj", "{E0B3D482-1D7D-47C9-B972-C7951355E2A5}"
EndProject
Project("{9A19103F-16F7-4668-BE54-9A1E7A4F7556}") = "Directories", "Start\Files\Directories\Directories.csproj", "{3206DDE1-9BFD-4FBE-91FF-FD04F4A88A7E}"
EndProject
Project("{9A19103F-16F7-4668-BE54-9A1E7A4F7556}") = "FileInfo", "Start\Files\FileInfo\FileInfo.csproj", "{6FEDB5AF-F995-4744-B20D-D421D9CF8995}"
EndProject
Project("{9A19103F-16F7-4668-BE54-9A1E7A4F7556}") = "ReadWriteFiles", "Start\Files\ReadWriteFiles\ReadWriteFiles.csproj", "{9F123A1B-70D5-4D53-81BE-78EE849D7A29}"
EndProject
Project("{2150E333-8FDC-42A3-9474-1A3956D46DE8}") = "NumbersDates", "NumbersDates", "{DD805512-D9B8-4B71-8C94-7714ABC887B0}"
EndProject
Project("{9A19103F-16F7-4668-BE54-9A1E7A4F7556}") = "DateTimeClass", "Start\NumbersDates\DateTimeClass\DateTimeClass.csproj", "{C20E0594-70A1-4E64-948A-F8F7468D7B40}"
EndProject
Project("{9A19103F-16F7-4668-BE54-9A1E7A4F7556}") = "FormatDates", "Start\NumbersDates\FormatDates\FormatDates.csproj", "{A668987D-EFA9-4BCA-A4A8-D807825C0C15}"
EndProject
Project("{9A19103F-16F7-4668-BE54-9A1E7A4F7556}") = "FormatNumbers", "Start\NumbersDates\FormatNumbers\FormatNumbers.csproj", "{8A476648-3BFD-4775-91A4-C330515A8A6C}"
EndProject
Project("{9A19103F-16F7-4668-BE54-9A1E7A4F7556}") = "ParseDates", "Start\NumbersDates\ParseDates\ParseDates.csproj", "{8ED154F8-3BDC-4B4D-AB0B-A84285085D5D}"
EndProject
Project("{9A19103F-16F7-4668-BE54-9A1E7A4F7556}") = "ParseNumbers", "Start\NumbersDates\ParseNumbers\ParseNumbers.csproj", "{AFB77CD7-EAE4-4A79-990C-E693FBD26E6F}"
EndProject
Project("{2150E333-8FDC-42A3-9474-1A3956D46DE8}") = "Overview", "Overview", "{D78DBA14-8FC1-4753-AD2A-A57343A8B666}"
EndProject
Project("{9A19103F-16F7-4668-BE54-9A1E7A4F7556}") = "DataTypes", "Start\Overview\DataTypes\DataTypes.csproj", "{8F97124E-F573-4391-83E3-B7E3898E01F2}"
EndProject
Project("{9A19103F-16F7-4668-BE54-9A1E7A4F7556}") = "GarbageCollect", "Start\Overview\GarbageCollect\GarbageCollect.csproj", "{FE1E673D-3CBE-429F-A6D9-15E8EB4E85C0}"
EndProject
Project("{9A19103F-16F7-4668-BE54-9A1E7A4F7556}") = "MyConsoleApp", "Start\Overview\MyConsoleApp\MyConsoleApp.csproj", "{52526520-BCD0-42A1-8355-9D4FC65647C6}"
EndProject
Project("{2150E333-8FDC-42A3-9474-1A3956D46DE8}") = "Regex", "Regex", "{3B00901D-D2B4-45B7-B442-D2681A0CCF7C}"
EndProject
Project("{9A19103F-16F7-4668-BE54-9A1E7A4F7556}") = "Finding", "Start\Regex\Finding\Finding.csproj", "{60EAC655-D7DB-4A16-A5F8-B3899DE6EB6D}"
EndProject
Project("{9A19103F-16F7-4668-BE54-9A1E7A4F7556}") = "Replacing", "Start\Regex\Replacing\Replacing.csproj", "{9EB0CD2D-3A65-40AC-83A7-1DDC45ACB112}"
EndProject
Project("{9A19103F-16F7-4668-BE54-9A1E7A4F7556}") = "RegexTimeouts", "Start\Regex\Timeouts\RegexTimeouts.csproj", "{CE75431A-5DC4-40C9-B8FC-8091EA6B8C57}"
EndProject
Project("{2150E333-8FDC-42A3-9474-1A3956D46DE8}") = "Strings", "Strings", "{1AA274D0-F238-43CE-8A49-B347172F64AC}"
EndProject
Project("{9A19103F-16F7-4668-BE54-9A1E7A4F7556}") = "Formatting", "Start\Strings\Formatting\Formatting.csproj", "{DF030340-1EBC-4E19-8B18-093E32485387}"
EndProject
Project("{9A19103F-16F7-4668-BE54-9A1E7A4F7556}") = "Interpolation", "Start\Strings\Interpolation\Interpolation.csproj", "{EDDFEEB5-6132-422F-A22E-ED723A454673}"
EndProject
Project("{9A19103F-16F7-4668-BE54-9A1E7A4F7556}") = "Manipulation", "Start\Strings\Manipulation\Manipulation.csproj", "{0B3CD8AC-A9BD-4534-B2AD-D70870B34117}"
EndProject
Project("{9A19103F-16F7-4668-BE54-9A1E7A4F7556}") = "Searching", "Start\Strings\Searching\Searching.csproj", "{DA110811-DC46-49B2-B293-DAD092FB4BE4}"
EndProject
Global
	GlobalSection(SolutionConfigurationPlatforms) = preSolution
		Debug|Any CPU = Debug|Any CPU
		Release|Any CPU = Release|Any CPU
	EndGlobalSection
	GlobalSection(ProjectConfigurationPlatforms) = postSolution
		{E0B3D482-1D7D-47C9-B972-C7951355E2A5}.Debug|Any CPU.ActiveCfg = Debug|Any CPU
		{E0B3D482-1D7D-47C9-B972-C7951355E2A5}.Debug|Any CPU.Build.0 = Debug|Any CPU
		{E0B3D482-1D7D-47C9-B972-C7951355E2A5}.Release|Any CPU.ActiveCfg = Release|Any CPU
		{E0B3D482-1D7D-47C9-B972-C7951355E2A5}.Release|Any CPU.Build.0 = Release|Any CPU
		{3206DDE1-9BFD-4FBE-91FF-FD04F4A88A7E}.Debug|Any CPU.ActiveCfg = Debug|Any CPU
		{3206DDE1-9BFD-4FBE-91FF-FD04F4A88A7E}.Debug|Any CPU.Build.0 = Debug|Any CPU
		{3206DDE1-9BFD-4FBE-91FF-FD04F4A88A7E}.Release|Any CPU.ActiveCfg = Release|Any CPU
		{3206DDE1-9BFD-4FBE-91FF-FD04F4A88A7E}.Release|Any CPU.Build.0 = Release|Any CPU
		{6FEDB5AF-F995-4744-B20D-D421D9CF8995}.Debug|Any CPU.ActiveCfg = Debug|Any CPU
		{6FEDB5AF-F995-4744-B20D-D421D9CF8995}.Debug|Any CPU.Build.0 = Debug|Any CPU
		{6FEDB5AF-F995-4744-B20D-D421D9CF8995}.Release|Any CPU.ActiveCfg = Release|Any CPU
		{6FEDB5AF-F995-4744-B20D-D421D9CF8995}.Release|Any CPU.Build.0 = Release|Any CPU
		{9F123A1B-70D5-4D53-81BE-78EE849D7A29}.Debug|Any CPU.ActiveCfg = Debug|Any CPU
		{9F123A1B-70D5-4D53-81BE-78EE849D7A29}.Debug|Any CPU.Build.0 = Debug|Any CPU
		{9F123A1B-70D5-4D53-81BE-78EE849D7A29}.Release|Any CPU.ActiveCfg = Release|Any CPU
		{9F123A1B-70D5-4D53-81BE-78EE849D7A29}.Release|Any CPU.Build.0 = Release|Any CPU
		{C20E0594-70A1-4E64-948A-F8F7468D7B40}.Debug|Any CPU.ActiveCfg = Debug|Any CPU
		{C20E0594-70A1-4E64-948A-F8F7468D7B40}.Debug|Any CPU.Build.0 = Debug|Any CPU
		{C20E0594-70A1-4E64-948A-F8F7468D7B40}.Release|Any CPU.ActiveCfg = Release|Any CPU
		{C20E0594-70A1-4E64-948A-F8F7468D7B40}.Release|Any CPU.Build.0 = Release|Any CPU
		{A668987D-EFA9-4BCA-A4A8-D807825C0C15}.Debug|Any CPU.ActiveCfg = Debug|Any CPU
		{A668987D-EFA9-4BCA-A4A8-D807825C0C15}.Debug|Any CPU.Build.0 = Debug|Any CPU
		{A668987D-EFA9-4BCA-A4A8-D807825C0C15}.Release|Any CPU.ActiveCfg = Release|Any CPU
		{A668987D-EFA9-4BCA-A4A8-D807825C0C15}.Release|Any CPU.Build.0 = Release|Any CPU
		{8A476648-3BFD-4775-91A4-C330515A8A6C}.Debug|Any CPU.ActiveCfg = Debug|Any CPU
		{8A476648-3BFD-4775-91A4-C330515A8A6C}.Debug|Any CPU.Build.0 = Debug|Any CPU
		{8A476648-3BFD-4775-91A4-C330515A8A6C}.Release|Any CPU.ActiveCfg = Release|Any CPU
		{8A476648-3BFD-4775-91A4-C330515A8A6C}.Release|Any CPU.Build.0 = Release|Any CPU
		{8ED154F8-3BDC-4B4D-AB0B-A84285085D5D}.Debug|Any CPU.ActiveCfg = Debug|Any CPU
		{8ED154F8-3BDC-4B4D-AB0B-A84285085D5D}.Debug|Any CPU.Build.0 = Debug|Any CPU
		{8ED154F8-3BDC-4B4D-AB0B-A84285085D5D}.Release|Any CPU.ActiveCfg = Release|Any CPU
		{8ED154F8-3BDC-4B4D-AB0B-A84285085D5D}.Release|Any CPU.Build.0 = Release|Any CPU
		{AFB77CD7-EAE4-4A79-990C-E693FBD26E6F}.Debug|Any CPU.ActiveCfg = Debug|Any CPU
		{AFB77CD7-EAE4-4A79-990C-E693FBD26E6F}.Debug|Any CPU.Build.0 = Debug|Any CPU
		{AFB77CD7-EAE4-4A79-990C-E693FBD26E6F}.Release|Any CPU.ActiveCfg = Release|Any CPU
		{AFB77CD7-EAE4-4A79-990C-E693FBD26E6F}.Release|Any CPU.Build.0 = Release|Any CPU
		{8F97124E-F573-4391-83E3-B7E3898E01F2}.Debug|Any CPU.ActiveCfg = Debug|Any CPU
		{8F97124E-F573-4391-83E3-B7E3898E01F2}.Debug|Any CPU.Build.0 = Debug|Any CPU
		{8F97124E-F573-4391-83E3-B7E3898E01F2}.Release|Any CPU.ActiveCfg = Release|Any CPU
		{8F97124E-F573-4391-83E3-B7E3898E01F2}.Release|Any CPU.Build.0 = Release|Any CPU
		{FE1E673D-3CBE-429F-A6D9-15E8EB4E85C0}.Debug|Any CPU.ActiveCfg = Debug|Any CPU
		{FE1E673D-3CBE-429F-A6D9-15E8EB4E85C0}.Debug|Any CPU.Build.0 = Debug|Any CPU
		{FE1E673D-3CBE-429F-A6D9-15E8EB4E85C0}.Release|Any CPU.ActiveCfg = Release|Any CPU
		{FE1E673D-3CBE-429F-A6D9-15E8EB4E85C0}.Release|Any CPU.Build.0 = Release|Any CPU
		{52526520-BCD0-42A1-8355-9D4FC65647C6}.Debug|Any CPU.ActiveCfg = Debug|Any CPU
		{52526520-BCD0-42A1-8355-9D4FC65647C6}.Debug|Any CPU.Build.0 = Debug|Any CPU
		{52526520-BCD0-42A1-8355-9D4FC65647C6}.Release|Any CPU.ActiveCfg = Release|Any CPU
		{52526520-BCD0-42A1-8355-9D4FC65647C6}.Release|Any CPU.Build.0 = Release|Any CPU
		{60EAC655-D7DB-4A16-A5F8-B3899DE6EB6D}.Debug|Any CPU.ActiveCfg = Debug|Any CPU
		{60EAC655-D7DB-4A16-A5F8-B3899DE6EB6D}.Debug|Any CPU.Build.0 = Debug|Any CPU
		{60EAC655-D7DB-4A16-A5F8-B3899DE6EB6D}.Release|Any CPU.ActiveCfg = Release|Any CPU
		{60EAC655-D7DB-4A16-A5F8-B3899DE6EB6D}.Release|Any CPU.Build.0 = Release|Any CPU
		{9EB0CD2D-3A65-40AC-83A7-1DDC45ACB112}.Debug|Any CPU.ActiveCfg = Debug|Any CPU
		{9EB0CD2D-3A65-40AC-83A7-1DDC45ACB112}.Debug|Any CPU.Build.0 = Debug|Any CPU
		{9EB0CD2D-3A65-40AC-83A7-1DDC45ACB112}.Release|Any CPU.ActiveCfg = Release|Any CPU
		{9EB0CD2D-3A65-40AC-83A7-1DDC45ACB112}.Release|Any CPU.Build.0 = Release|Any CPU
		{CE75431A-5DC4-40C9-B8FC-8091EA6B8C57}.Debug|Any CPU.ActiveCfg = Debug|Any CPU
		{CE75431A-5DC4-40C9-B8FC-8091EA6B8C57}.Debug|Any CPU.Build.0 = Debug|Any CPU
		{CE75431A-5DC4-40C9-B8FC-8091EA6B8C57}.Release|Any CPU.ActiveCfg = Release|Any CPU
		{CE75431A-5DC4-40C9-B8FC-8091EA6B8C57}.Release|Any CPU.Build.0 = Release|Any CPU
		{DF030340-1EBC-4E19-8B18-093E32485387}.Debug|Any CPU.ActiveCfg = Debug|Any CPU
		{DF030340-1EBC-4E19-8B18-093E32485387}.Debug|Any CPU.Build.0 = Debug|Any CPU
		{DF030340-1EBC-4E19-8B18-093E32485387}.Release|Any CPU.ActiveCfg = Release|Any CPU
		{DF030340-1EBC-4E19-8B18-093E32485387}.Release|Any CPU.Build.0 = Release|Any CPU
		{EDDFEEB5-6132-422F-A22E-ED723A454673}.Debug|Any CPU.ActiveCfg = Debug|Any CPU
		{EDDFEEB5-6132-422F-A22E-ED723A454673}.Debug|Any CPU.Build.0 = Debug|Any CPU
		{EDDFEEB5-6132-422F-A22E-ED723A454673}.Release|Any CPU.ActiveCfg = Release|Any CPU
		{EDDFEEB5-6132-422F-A22E-ED723A454673}.Release|Any CPU.Build.0 = Release|Any CPU
		{0B3CD8AC-A9BD-4534-B2AD-D70870B34117}.Debug|Any CPU.ActiveCfg = Debug|Any CPU
		{0B3CD8AC-A9BD-4534-B2AD-D70870B34117}.Debug|Any CPU.Build.0 = Debug|Any CPU
		{0B3CD8AC-A9BD-4534-B2AD-D70870B34117}.Release|Any CPU.ActiveCfg = Release|Any CPU
		{0B3CD8AC-A9BD-4534-B2AD-D70870B34117}.Release|Any CPU.Build.0 = Release|Any CPU
		{DA110811-DC46-49B2-B293-DAD092FB4BE4}.Debug|Any CPU.ActiveCfg = Debug|Any CPU
		{DA110811-DC46-49B2-B293-DAD092FB4BE4}.Debug|Any CPU.Build.0 = Debug|Any CPU
		{DA110811-DC46-49B2-B293-DAD092FB4BE4}.Release|Any CPU.ActiveCfg = Release|Any CPU
		{DA110811-DC46-49B2-B293-DAD092FB4BE4}.Release|Any CPU.Build.0 = Release|Any CPU
	EndGlobalSection
	GlobalSection(SolutionProperties) = preSolution
		HideSolutionNode = FALSE
	EndGlobalSection
	GlobalSection(NestedProjects) = preSolution
		{577D853F-5E92-4674-BE52-E76E1F0EFA2F} = {FC07176F-B5F9-4AD4-8E25-5B832FB8880A}
		{E0B3D482-1D7D-47C9-B972-C7951355E2A5} = {577D853F-5E92-4674-BE52-E76E1F0EFA2F}
		{3206DDE1-9BFD-4FBE-91FF-FD04F4A88A7E} = {577D853F-5E92-4674-BE52-E76E1F0EFA2F}
		{6FEDB5AF-F995-4744-B20D-D421D9CF8995} = {577D853F-5E92-4674-BE52-E76E1F0EFA2F}
		{9F123A1B-70D5-4D53-81BE-78EE849D7A29} = {577D853F-5E92-4674-BE52-E76E1F0EFA2F}
		{DD805512-D9B8-4B71-8C94-7714ABC887B0} = {FC07176F-B5F9-4AD4-8E25-5B832FB8880A}
		{C20E0594-70A1-4E64-948A-F8F7468D7B40} = {DD805512-D9B8-4B71-8C94-7714ABC887B0}
		{A668987D-EFA9-4BCA-A4A8-D807825C0C15} = {DD805512-D9B8-4B71-8C94-7714ABC887B0}
		{8A476648-3BFD-4775-91A4-C330515A8A6C} = {DD805512-D9B8-4B71-8C94-7714ABC887B0}
		{8ED154F8-3BDC-4B4D-AB0B-A84285085D5D} = {DD805512-D9B8-4B71-8C94-7714ABC887B0}
		{AFB77CD7-EAE4-4A79-990C-E693FBD26E6F} = {DD805512-D9B8-4B71-8C94-7714ABC887B0}
		{D78DBA14-8FC1-4753-AD2A-A57343A8B666} = {FC07176F-B5F9-4AD4-8E25-5B832FB8880A}
		{8F97124E-F573-4391-83E3-B7E3898E01F2} = {D78DBA14-8FC1-4753-AD2A-A57343A8B666}
		{FE1E673D-3CBE-429F-A6D9-15E8EB4E85C0} = {D78DBA14-8FC1-4753-AD2A-A57343A8B666}
		{52526520-BCD0-42A1-8355-9D4FC65647C6} = {D78DBA14-8FC1-4753-AD2A-A57343A8B666}
		{3B00901D-D2B4-45B7-B442-D2681A0CCF7C} = {FC07176F-B5F9-4AD4-8E25-5B832FB8880A}
		{60EAC655-D7DB-4A16-A5F8-B3899DE6EB6D} = {3B00901D-D2B4-45B7-B442-D2681A0CCF7C}
		{9EB0CD2D-3A65-40AC-83A7-1DDC45ACB112} = {3B00901D-D2B4-45B7-B442-D2681A0CCF7C}
		{CE75431A-5DC4-40C9-B8FC-8091EA6B8C57} = {3B00901D-D2B4-45B7-B442-D2681A0CCF7C}
		{1AA274D0-F238-43CE-8A49-B347172F64AC} = {FC07176F-B5F9-4AD4-8E25-5B832FB8880A}
		{DF030340-1EBC-4E19-8B18-093E32485387} = {1AA274D0-F238-43CE-8A49-B347172F64AC}
		{EDDFEEB5-6132-422F-A22E-ED723A454673} = {1AA274D0-F238-43CE-8A49-B347172F64AC}
		{0B3CD8AC-A9BD-4534-B2AD-D70870B34117} = {1AA274D0-F238-43CE-8A49-B347172F64AC}
		{DA110811-DC46-49B2-B293-DAD092FB4BE4} = {1AA274D0-F238-43CE-8A49-B347172F64AC}
	EndGlobalSection
	GlobalSection(ExtensibilityGlobals) = postSolution
		SolutionGuid = {4B961EA9-B825-4807-85CA-E204A7AE76A1}
	EndGlobalSection
EndGlobal
